{
  "projects": [
    {
      "projectId": "58GpZjZCWTaJ8AUhpCwt2K",
      "version": "3.8.0",
      "dependencies": {},
      "lang": "ts",
      "fileLocks": [
        {
          "assetId": "58GpZjZCWTaJ8AUhpCwt2K",
          "type": "projectCss",
          "checksum": "dbf25c878cd885da8866557c058b53ff"
        }
      ],
      "codegenVersion": "0.0.1"
    },
    {
      "projectId": "rURT7PSYpAQNuaCGHJDPZg",
      "version": "latest",
      "dependencies": {
        "58GpZjZCWTaJ8AUhpCwt2K": "3.25.0"
      },
      "lang": "ts",
      "fileLocks": [
        {
          "type": "globalVariant",
          "assetId": "hCGZ-N1etzMDY",
          "checksum": "b71705b14dc29a70343a56f6cdc36e7c"
        },
        {
          "type": "renderModule",
          "assetId": "qzW6Oyh00Gft",
          "checksum": "8fa372448dff7423483a31d86c924261"
        },
        {
          "type": "cssRules",
          "assetId": "qzW6Oyh00Gft",
          "checksum": "8fa372448dff7423483a31d86c924261"
        },
        {
          "type": "renderModule",
          "assetId": "8weNktnDWmJHK",
          "checksum": "66a0f421820eee62121258577f68ff41"
        },
        {
          "type": "cssRules",
          "assetId": "8weNktnDWmJHK",
          "checksum": "66a0f421820eee62121258577f68ff41"
        },
        {
          "type": "renderModule",
          "assetId": "VnNBHcpuRiqHc",
          "checksum": "5762087870ccf782f1270b07d3abbc96"
        },
        {
          "type": "cssRules",
          "assetId": "VnNBHcpuRiqHc",
          "checksum": "5762087870ccf782f1270b07d3abbc96"
        },
        {
          "type": "renderModule",
          "assetId": "3c-nMnpAWfnFh",
          "checksum": "3387d9db891d2528f12e193806990e1d"
        },
        {
          "type": "cssRules",
          "assetId": "3c-nMnpAWfnFh",
          "checksum": "3387d9db891d2528f12e193806990e1d"
        },
        {
          "type": "renderModule",
          "assetId": "5zjokN2A33jNz",
          "checksum": "bf0a3e9b25baa5cba6cec3b59ef1f2c9"
        },
        {
          "type": "cssRules",
          "assetId": "5zjokN2A33jNz",
          "checksum": "bf0a3e9b25baa5cba6cec3b59ef1f2c9"
        },
        {
          "type": "icon",
          "assetId": "QSJtYEMVjaEpvn",
          "checksum": "bd34530c6ae46320490f25f672d76745"
        },
        {
          "type": "icon",
          "assetId": "O9O6mz1RdnHmE8",
          "checksum": "8d23a6315a19dccf06dda3de4c131f46"
        },
        {
          "type": "image",
          "assetId": "gPeMkiHeBoJ94d",
          "checksum": "55325e0bd3670aebbf4ac135807a9008"
        },
        {
          "type": "renderModule",
          "assetId": "JRM9PBGrBO",
          "checksum": "c4c19a707eb24ae5e953cea612a3848e"
        },
        {
          "type": "cssRules",
          "assetId": "JRM9PBGrBO",
          "checksum": "c4c19a707eb24ae5e953cea612a3848e"
        },
        {
          "type": "renderModule",
          "assetId": "UqAN3orjkq",
          "checksum": "d21e82494924e463c1f6b649e320ae82"
        },
        {
          "type": "cssRules",
          "assetId": "UqAN3orjkq",
          "checksum": "d21e82494924e463c1f6b649e320ae82"
        },
        {
          "type": "image",
          "assetId": "Mi5b2Up-h",
          "checksum": "16b77988f801aa9900ab23636a5b30ee"
        },
        {
          "type": "renderModule",
          "assetId": "jyATwjnQCA",
          "checksum": "aa2483dff695fdc9eaf818089974431b"
        },
        {
          "type": "cssRules",
          "assetId": "jyATwjnQCA",
          "checksum": "aa2483dff695fdc9eaf818089974431b"
        },
        {
          "type": "renderModule",
          "assetId": "U9_ketn8GVz",
          "checksum": "89726d92f4fdbbed1c88b1cf41928622"
        },
        {
          "type": "cssRules",
          "assetId": "U9_ketn8GVz",
          "checksum": "89726d92f4fdbbed1c88b1cf41928622"
        },
        {
          "type": "image",
          "assetId": "Eg_oIbP3s",
          "checksum": "67bf0cb11c2103946cc15b3bc52d4d98"
        },
        {
          "type": "image",
          "assetId": "frDAmRBow",
          "checksum": "fad78390032de18926874ef3c23bf6db"
        },
        {
          "assetId": "rURT7PSYpAQNuaCGHJDPZg",
          "type": "projectCss",
          "checksum": "66b9dcf10858d1a7d2a2dc0547a6e882"
        }
      ],
      "codegenVersion": "0.0.1"
    }
  ],
  "cliVersion": "0.1.194"
}
