{
  "projects": [
    {
      "projectId": "58GpZjZCWTaJ8AUhpCwt2K",
      "version": "3.8.0",
      "dependencies": {},
      "lang": "ts",
      "fileLocks": [
        {
          "assetId": "58GpZjZCWTaJ8AUhpCwt2K",
          "type": "projectCss",
          "checksum": "dbf25c878cd885da8866557c058b53ff"
        }
      ],
      "codegenVersion": "0.0.1"
    },
    {
      "projectId": "rURT7PSYpAQNuaCGHJDPZg",
      "version": "latest",
      "dependencies": {
        "58GpZjZCWTaJ8AUhpCwt2K": "3.16.0"
      },
      "lang": "ts",
      "fileLocks": [
        {
          "type": "globalVariant",
          "assetId": "hCGZ-N1etzMDY",
          "checksum": "93ad7487a5dd83c813d5826daa31d985"
        },
        {
          "type": "renderModule",
          "assetId": "qzW6Oyh00Gft",
          "checksum": "72ecefc68babb7c934a5ccbf6e130beb"
        },
        {
          "type": "cssRules",
          "assetId": "qzW6Oyh00Gft",
          "checksum": "72ecefc68babb7c934a5ccbf6e130beb"
        },
        {
          "type": "renderModule",
          "assetId": "8weNktnDWmJHK",
          "checksum": "c4cf64559bd94e2b52a6a57ce631c2e3"
        },
        {
          "type": "cssRules",
          "assetId": "8weNktnDWmJHK",
          "checksum": "c4cf64559bd94e2b52a6a57ce631c2e3"
        },
        {
          "type": "renderModule",
          "assetId": "VnNBHcpuRiqHc",
          "checksum": "6ffd17780f298d5bad57701b20db1ebd"
        },
        {
          "type": "cssRules",
          "assetId": "VnNBHcpuRiqHc",
          "checksum": "6ffd17780f298d5bad57701b20db1ebd"
        },
        {
          "type": "renderModule",
          "assetId": "3c-nMnpAWfnFh",
          "checksum": "e07f1df8301a9620a284cc34dc08802e"
        },
        {
          "type": "cssRules",
          "assetId": "3c-nMnpAWfnFh",
          "checksum": "e07f1df8301a9620a284cc34dc08802e"
        },
        {
          "type": "renderModule",
          "assetId": "5zjokN2A33jNz",
          "checksum": "a02288b54859db7b58894d8164abada4"
        },
        {
          "type": "cssRules",
          "assetId": "5zjokN2A33jNz",
          "checksum": "a02288b54859db7b58894d8164abada4"
        },
        {
          "type": "icon",
          "assetId": "QSJtYEMVjaEpvn",
          "checksum": "bd34530c6ae46320490f25f672d76745"
        },
        {
          "type": "icon",
          "assetId": "O9O6mz1RdnHmE8",
          "checksum": "8d23a6315a19dccf06dda3de4c131f46"
        },
        {
          "type": "image",
          "assetId": "gPeMkiHeBoJ94d",
          "checksum": "55325e0bd3670aebbf4ac135807a9008"
        },
        {
          "type": "renderModule",
          "assetId": "JRM9PBGrBO",
          "checksum": "4ef3bb55142e07a4bf54d0627a8fe6c6"
        },
        {
          "type": "cssRules",
          "assetId": "JRM9PBGrBO",
          "checksum": "4ef3bb55142e07a4bf54d0627a8fe6c6"
        },
        {
          "type": "renderModule",
          "assetId": "UqAN3orjkq",
          "checksum": "35cf0828281fb352968b03a5367063f2"
        },
        {
          "type": "cssRules",
          "assetId": "UqAN3orjkq",
          "checksum": "35cf0828281fb352968b03a5367063f2"
        },
        {
          "type": "image",
          "assetId": "Mi5b2Up-h",
          "checksum": "16b77988f801aa9900ab23636a5b30ee"
        },
        {
          "type": "renderModule",
          "assetId": "jyATwjnQCA",
          "checksum": "955abd832970e8e8701d07df50ecd507"
        },
        {
          "type": "cssRules",
          "assetId": "jyATwjnQCA",
          "checksum": "955abd832970e8e8701d07df50ecd507"
        },
        {
          "type": "renderModule",
          "assetId": "U9_ketn8GVz",
          "checksum": "ed833048f0209674761bf689b6fcc3f4"
        },
        {
          "type": "cssRules",
          "assetId": "U9_ketn8GVz",
          "checksum": "ed833048f0209674761bf689b6fcc3f4"
        },
        {
          "type": "image",
          "assetId": "Eg_oIbP3s",
          "checksum": "67bf0cb11c2103946cc15b3bc52d4d98"
        },
        {
          "type": "image",
          "assetId": "frDAmRBow",
          "checksum": "fad78390032de18926874ef3c23bf6db"
        },
        {
          "assetId": "rURT7PSYpAQNuaCGHJDPZg",
          "type": "projectCss",
          "checksum": "66b9dcf10858d1a7d2a2dc0547a6e882"
        }
      ],
      "codegenVersion": "0.0.1"
    }
  ],
  "cliVersion": "0.1.194"
}
