{
  "projects": [
    {
      "projectId": "58GpZjZCWTaJ8AUhpCwt2K",
      "version": "3.8.0",
      "dependencies": {},
      "lang": "ts",
      "fileLocks": [
        {
          "assetId": "58GpZjZCWTaJ8AUhpCwt2K",
          "type": "projectCss",
          "checksum": "dbf25c878cd885da8866557c058b53ff"
        }
      ],
      "codegenVersion": "0.0.1"
    },
    {
      "projectId": "rURT7PSYpAQNuaCGHJDPZg",
      "version": "latest",
      "dependencies": {
        "58GpZjZCWTaJ8AUhpCwt2K": "3.8.0"
      },
      "lang": "ts",
      "fileLocks": [
        {
          "type": "globalVariant",
          "assetId": "hCGZ-N1etzMDY",
          "checksum": "7a59e9497da9f259fef5ed88bfa7024b"
        },
        {
          "type": "renderModule",
          "assetId": "qzW6Oyh00Gft",
          "checksum": "9b4f5692564f706e75b13647da9d0064"
        },
        {
          "type": "cssRules",
          "assetId": "qzW6Oyh00Gft",
          "checksum": "9b4f5692564f706e75b13647da9d0064"
        },
        {
          "type": "renderModule",
          "assetId": "8weNktnDWmJHK",
          "checksum": "3604142b7e8c1ccdedb05f3cde66e248"
        },
        {
          "type": "cssRules",
          "assetId": "8weNktnDWmJHK",
          "checksum": "3604142b7e8c1ccdedb05f3cde66e248"
        },
        {
          "type": "renderModule",
          "assetId": "VnNBHcpuRiqHc",
          "checksum": "d5285d66cc9d72533ea29335fa913059"
        },
        {
          "type": "cssRules",
          "assetId": "VnNBHcpuRiqHc",
          "checksum": "d5285d66cc9d72533ea29335fa913059"
        },
        {
          "type": "renderModule",
          "assetId": "3c-nMnpAWfnFh",
          "checksum": "8b06a4af0e5647bdab1e3b2e1e247484"
        },
        {
          "type": "cssRules",
          "assetId": "3c-nMnpAWfnFh",
          "checksum": "8b06a4af0e5647bdab1e3b2e1e247484"
        },
        {
          "type": "renderModule",
          "assetId": "5zjokN2A33jNz",
          "checksum": "c3dfab14d64ec6ded90656d3379d7566"
        },
        {
          "type": "cssRules",
          "assetId": "5zjokN2A33jNz",
          "checksum": "c3dfab14d64ec6ded90656d3379d7566"
        },
        {
          "type": "icon",
          "assetId": "QSJtYEMVjaEpvn",
          "checksum": "bd34530c6ae46320490f25f672d76745"
        },
        {
          "type": "icon",
          "assetId": "O9O6mz1RdnHmE8",
          "checksum": "8d23a6315a19dccf06dda3de4c131f46"
        },
        {
          "type": "image",
          "assetId": "gPeMkiHeBoJ94d",
          "checksum": "55325e0bd3670aebbf4ac135807a9008"
        },
        {
          "type": "renderModule",
          "assetId": "JRM9PBGrBO",
          "checksum": "37a5f45f2590c4c8ddd3b527bd4af517"
        },
        {
          "type": "cssRules",
          "assetId": "JRM9PBGrBO",
          "checksum": "37a5f45f2590c4c8ddd3b527bd4af517"
        },
        {
          "type": "renderModule",
          "assetId": "UqAN3orjkq",
          "checksum": "577a982e8194b56a6c466e2aea066240"
        },
        {
          "type": "cssRules",
          "assetId": "UqAN3orjkq",
          "checksum": "577a982e8194b56a6c466e2aea066240"
        },
        {
          "type": "image",
          "assetId": "Mi5b2Up-h",
          "checksum": "16b77988f801aa9900ab23636a5b30ee"
        },
        {
          "type": "renderModule",
          "assetId": "jyATwjnQCA",
          "checksum": "0f16123a1422012d09f5075f9cb1bd3b"
        },
        {
          "type": "cssRules",
          "assetId": "jyATwjnQCA",
          "checksum": "0f16123a1422012d09f5075f9cb1bd3b"
        },
        {
          "assetId": "rURT7PSYpAQNuaCGHJDPZg",
          "type": "projectCss",
          "checksum": "b5b7cc1214b438d4ad8d98567fa8957e"
        }
      ],
      "codegenVersion": "0.0.1"
    }
  ],
  "cliVersion": "0.1.194"
}
